Microsoft Visual Studio Solution File, Format Version 12.00
# Visual Studio 2012
Project("{FAE04EC0-301F-11D3-BF4B-00C04F79EFBC}") = "Dice Game", "Dice Game.csproj", "{D86E1C64-EE9D-48D7-A625-27EEEBC77932}"
EndProject
Global
	GlobalSection(SolutionConfigurationPlatforms) = preSolution
	Debug|Any CPU = Debug|Any CPU
	ExportDebug|Any CPU = ExportDebug|Any CPU
	ExportRelease|Any CPU = ExportRelease|Any CPU
	EndGlobalSection
	GlobalSection(ProjectConfigurationPlatforms) = postSolution
		{D86E1C64-EE9D-48D7-A625-27EEEBC77932}.Debug|Any CPU.ActiveCfg = Debug|Any CPU
		{D86E1C64-EE9D-48D7-A625-27EEEBC77932}.Debug|Any CPU.Build.0 = Debug|Any CPU
		{D86E1C64-EE9D-48D7-A625-27EEEBC77932}.ExportDebug|Any CPU.ActiveCfg = ExportDebug|Any CPU
		{D86E1C64-EE9D-48D7-A625-27EEEBC77932}.ExportDebug|Any CPU.Build.0 = ExportDebug|Any CPU
		{D86E1C64-EE9D-48D7-A625-27EEEBC77932}.ExportRelease|Any CPU.ActiveCfg = ExportRelease|Any CPU
		{D86E1C64-EE9D-48D7-A625-27EEEBC77932}.ExportRelease|Any CPU.Build.0 = ExportRelease|Any CPU
	EndGlobalSection
EndGlobal
